
Microsoft Visual Studio Solution File, Format Version 12.00
# Visual Studio 15
Project("{FAE04EC0-301F-11D3-BF4B-00C04F79EFBC}") = "Arena21", "Assembly-CSharp.csproj", "{064D931F-9B1E-9040-4E33-0DCC433109B1}"
EndProject
Project("{FAE04EC0-301F-11D3-BF4B-00C04F79EFBC}") = "Arena21", "Assembly-CSharp-Editor.csproj", "{CC4378B1-6791-0F4F-888F-D3A7B1193982}"
EndProject
Global
	GlobalSection(SolutionConfigurationPlatforms) = preSolution
		Debug|Any CPU = Debug|Any CPU
		Release|Any CPU = Release|Any CPU
	EndGlobalSection
	GlobalSection(ProjectConfigurationPlatforms) = postSolution
		{064D931F-9B1E-9040-4E33-0DCC433109B1}.Debug|Any CPU.ActiveCfg = Debug|Any CPU
		{064D931F-9B1E-9040-4E33-0DCC433109B1}.Debug|Any CPU.Build.0 = Debug|Any CPU
		{064D931F-9B1E-9040-4E33-0DCC433109B1}.Release|Any CPU.ActiveCfg = Release|Any CPU
		{064D931F-9B1E-9040-4E33-0DCC433109B1}.Release|Any CPU.Build.0 = Release|Any CPU
		{CC4378B1-6791-0F4F-888F-D3A7B1193982}.Debug|Any CPU.ActiveCfg = Debug|Any CPU
		{CC4378B1-6791-0F4F-888F-D3A7B1193982}.Debug|Any CPU.Build.0 = Debug|Any CPU
		{CC4378B1-6791-0F4F-888F-D3A7B1193982}.Release|Any CPU.ActiveCfg = Release|Any CPU
		{CC4378B1-6791-0F4F-888F-D3A7B1193982}.Release|Any CPU.Build.0 = Release|Any CPU
	EndGlobalSection
	GlobalSection(SolutionProperties) = preSolution
		HideSolutionNode = FALSE
	EndGlobalSection
EndGlobal
